<?xml version="1.0" encoding="utf-8"?>
<Project ToolsVersion="14.0" xmlns="http://schemas.microsoft.com/developer/msbuild/2003">
  <ItemGroup>
    <Filter Include="Resources">
      <UniqueIdentifier>300d97d8-96c7-4b83-8c41-4b6f567914bc</UniqueIdentifier>
      <Extensions>rc;ico;cur;bmp;dlg;rc2;rct;bin;rgs;gif;jpg;jpeg;jpe;resx;tga;tiff;tif;png;wav;mfcribbon-ms</Extensions>
    </Filter>
  </ItemGroup>
  <ItemGroup>
    <ClCompile Include="..\..\..\core\dawn_player\amf_types.cpp" />
    <ClCompile Include="..\..\..\core\dawn_player\default_task_service.cpp" />
    <ClCompile Include="..\..\..\core\dawn_player\error.cpp" />
    <ClCompile Include="..\..\..\core\dawn_player\flv_media_stream_source.cpp" />
    <ClCompile Include="..\..\..\core\dawn_player\flv_parser.cpp" />
    <ClCompile Include="..\..\..\core\dawn_player\flv_player.cpp" />
    <ClCompile Include="..\..\..\core\dawn_player\samples.cpp" />
    <ClCompile Include="..\..\..\core\dawn_player\io.cpp" />
    <ClCompile Include="..\..\..\core\dawn_player\task_service.cpp" />
  </ItemGroup>
  <ItemGroup>
    <ClInclude Include="..\..\..\core\dawn_player\amf_decode.hpp" />
    <ClInclude Include="..\..\..\core\dawn_player\amf_types.hpp" />
    <ClInclude Include="..\..\..\core\dawn_player\default_task_service.hpp" />
    <ClInclude Include="..\..\..\core\dawn_player\error.hpp" />
    <ClInclude Include="..\..\..\core\dawn_player\flv_media_stream_source.hpp" />
    <ClInclude Include="..\..\..\core\dawn_player\flv_parser.hpp" />
    <ClInclude Include="..\..\..\core\dawn_player\flv_player.hpp" />
    <ClInclude Include="..\..\..\core\dawn_player\samples.hpp" />
    <ClInclude Include="..\..\..\core\dawn_player\task_service.hpp" />
    <ClInclude Include="..\..\..\core\dawn_player\io.hpp" />
  </ItemGroup>
</Project>