
Microsoft Visual Studio Solution File, Format Version 12.00
# Visual Studio 2013
VisualStudioVersion = 12.0.31101.0
MinimumVisualStudioVersion = 10.0.40219.1
Project("{2150E333-8FDC-42A3-9474-1A3956D46DE8}") = "dawn_player", "dawn_player", "{C4EBAACB-F274-45C6-A550-7721D3C314AA}"
EndProject
Project("{8BC9CEB8-8B4A-11D0-8D11-00A0C91BC942}") = "dawn_player.Shared", "dawn_player\dawn_player.Shared\dawn_player.Shared.vcxitems", "{3871ABF2-F5FE-4ED9-AFE0-9458FDC56EFF}"
EndProject
Project("{8BC9CEB8-8B4A-11D0-8D11-00A0C91BC942}") = "dawn_player.Windows", "dawn_player\dawn_player.Windows\dawn_player.Windows.vcxproj", "{A0E181F7-0A30-4E12-A9F9-684DE966C4FF}"
EndProject
Project("{8BC9CEB8-8B4A-11D0-8D11-00A0C91BC942}") = "dawn_player.WindowsPhone", "dawn_player\dawn_player.WindowsPhone\dawn_player.WindowsPhone.vcxproj", "{0DB01A03-EFDC-49AC-BAC4-763CD367C6F1}"
EndProject
Project("{2150E333-8FDC-42A3-9474-1A3956D46DE8}") = "Demo", "Demo", "{3C1DBE45-E86F-40D1-8C3B-F977F5CBDC5A}"
EndProject
Project("{D954291E-2A0B-460D-934E-DC6B0785DB48}") = "Demo.Shared", "Demo\Demo.Shared\Demo.Shared.shproj", "{CD9E79EE-7ADC-4D18-B33A-B4C6D21934B6}"
EndProject
Project("{FAE04EC0-301F-11D3-BF4B-00C04F79EFBC}") = "Demo.Windows", "Demo\Demo.Windows\Demo.Windows.csproj", "{D90F1EE5-E3BA-49CB-9921-29A4FA527CF9}"
EndProject
Project("{FAE04EC0-301F-11D3-BF4B-00C04F79EFBC}") = "Demo.WindowsPhone", "Demo\Demo.WindowsPhone\Demo.WindowsPhone.csproj", "{0E89B49B-DF4D-4ED2-90B9-9CFFF992012B}"
EndProject
Global
	GlobalSection(SharedMSBuildProjectFiles) = preSolution
		dawn_player\dawn_player.Shared\dawn_player.Shared.vcxitems*{0db01a03-efdc-49ac-bac4-763cd367c6f1}*SharedItemsImports = 4
		dawn_player\dawn_player.Shared\dawn_player.Shared.vcxitems*{a0e181f7-0a30-4e12-a9f9-684de966c4ff}*SharedItemsImports = 4
		Demo\Demo.Shared\Demo.Shared.projitems*{cd9e79ee-7adc-4d18-b33a-b4c6d21934b6}*SharedItemsImports = 13
		Demo\Demo.Shared\Demo.Shared.projitems*{d90f1ee5-e3ba-49cb-9921-29a4fa527cf9}*SharedItemsImports = 4
		Demo\Demo.Shared\Demo.Shared.projitems*{0e89b49b-df4d-4ed2-90b9-9cfff992012b}*SharedItemsImports = 4
		dawn_player\dawn_player.Shared\dawn_player.Shared.vcxitems*{3871abf2-f5fe-4ed9-afe0-9458fdc56eff}*SharedItemsImports = 9
	EndGlobalSection
	GlobalSection(SolutionConfigurationPlatforms) = preSolution
		Debug|Any CPU = Debug|Any CPU
		Debug|ARM = Debug|ARM
		Debug|Mixed Platforms = Debug|Mixed Platforms
		Debug|Win32 = Debug|Win32
		Debug|x64 = Debug|x64
		Debug|x86 = Debug|x86
		Release|Any CPU = Release|Any CPU
		Release|ARM = Release|ARM
		Release|Mixed Platforms = Release|Mixed Platforms
		Release|Win32 = Release|Win32
		Release|x64 = Release|x64
		Release|x86 = Release|x86
	EndGlobalSection
	GlobalSection(ProjectConfigurationPlatforms) = postSolution
		{A0E181F7-0A30-4E12-A9F9-684DE966C4FF}.Debug|Any CPU.ActiveCfg = Debug|Win32
		{A0E181F7-0A30-4E12-A9F9-684DE966C4FF}.Debug|ARM.ActiveCfg = Debug|ARM
		{A0E181F7-0A30-4E12-A9F9-684DE966C4FF}.Debug|ARM.Build.0 = Debug|ARM
		{A0E181F7-0A30-4E12-A9F9-684DE966C4FF}.Debug|Mixed Platforms.ActiveCfg = Debug|Win32
		{A0E181F7-0A30-4E12-A9F9-684DE966C4FF}.Debug|Mixed Platforms.Build.0 = Debug|Win32
		{A0E181F7-0A30-4E12-A9F9-684DE966C4FF}.Debug|Win32.ActiveCfg = Debug|Win32
		{A0E181F7-0A30-4E12-A9F9-684DE966C4FF}.Debug|Win32.Build.0 = Debug|Win32
		{A0E181F7-0A30-4E12-A9F9-684DE966C4FF}.Debug|x64.ActiveCfg = Debug|x64
		{A0E181F7-0A30-4E12-A9F9-684DE966C4FF}.Debug|x64.Build.0 = Debug|x64
		{A0E181F7-0A30-4E12-A9F9-684DE966C4FF}.Debug|x86.ActiveCfg = Debug|Win32
		{A0E181F7-0A30-4E12-A9F9-684DE966C4FF}.Debug|x86.Build.0 = Debug|Win32
		{A0E181F7-0A30-4E12-A9F9-684DE966C4FF}.Release|Any CPU.ActiveCfg = Release|Win32
		{A0E181F7-0A30-4E12-A9F9-684DE966C4FF}.Release|ARM.ActiveCfg = Release|ARM
		{A0E181F7-0A30-4E12-A9F9-684DE966C4FF}.Release|ARM.Build.0 = Release|ARM
		{A0E181F7-0A30-4E12-A9F9-684DE966C4FF}.Release|Mixed Platforms.ActiveCfg = Release|Win32
		{A0E181F7-0A30-4E12-A9F9-684DE966C4FF}.Release|Mixed Platforms.Build.0 = Release|Win32
		{A0E181F7-0A30-4E12-A9F9-684DE966C4FF}.Release|Win32.ActiveCfg = Release|Win32
		{A0E181F7-0A30-4E12-A9F9-684DE966C4FF}.Release|Win32.Build.0 = Release|Win32
		{A0E181F7-0A30-4E12-A9F9-684DE966C4FF}.Release|x64.ActiveCfg = Release|x64
		{A0E181F7-0A30-4E12-A9F9-684DE966C4FF}.Release|x64.Build.0 = Release|x64
		{A0E181F7-0A30-4E12-A9F9-684DE966C4FF}.Release|x86.ActiveCfg = Release|Win32
		{A0E181F7-0A30-4E12-A9F9-684DE966C4FF}.Release|x86.Build.0 = Release|Win32
		{0DB01A03-EFDC-49AC-BAC4-763CD367C6F1}.Debug|Any CPU.ActiveCfg = Debug|Win32
		{0DB01A03-EFDC-49AC-BAC4-763CD367C6F1}.Debug|ARM.ActiveCfg = Debug|ARM
		{0DB01A03-EFDC-49AC-BAC4-763CD367C6F1}.Debug|ARM.Build.0 = Debug|ARM
		{0DB01A03-EFDC-49AC-BAC4-763CD367C6F1}.Debug|Mixed Platforms.ActiveCfg = Debug|Win32
		{0DB01A03-EFDC-49AC-BAC4-763CD367C6F1}.Debug|Mixed Platforms.Build.0 = Debug|Win32
		{0DB01A03-EFDC-49AC-BAC4-763CD367C6F1}.Debug|Win32.ActiveCfg = Debug|Win32
		{0DB01A03-EFDC-49AC-BAC4-763CD367C6F1}.Debug|Win32.Build.0 = Debug|Win32
		{0DB01A03-EFDC-49AC-BAC4-763CD367C6F1}.Debug|x64.ActiveCfg = Debug|Win32
		{0DB01A03-EFDC-49AC-BAC4-763CD367C6F1}.Debug|x86.ActiveCfg = Debug|Win32
		{0DB01A03-EFDC-49AC-BAC4-763CD367C6F1}.Debug|x86.Build.0 = Debug|Win32
		{0DB01A03-EFDC-49AC-BAC4-763CD367C6F1}.Release|Any CPU.ActiveCfg = Release|Win32
		{0DB01A03-EFDC-49AC-BAC4-763CD367C6F1}.Release|ARM.ActiveCfg = Release|ARM
		{0DB01A03-EFDC-49AC-BAC4-763CD367C6F1}.Release|ARM.Build.0 = Release|ARM
		{0DB01A03-EFDC-49AC-BAC4-763CD367C6F1}.Release|Mixed Platforms.ActiveCfg = Release|Win32
		{0DB01A03-EFDC-49AC-BAC4-763CD367C6F1}.Release|Mixed Platforms.Build.0 = Release|Win32
		{0DB01A03-EFDC-49AC-BAC4-763CD367C6F1}.Release|Win32.ActiveCfg = Release|Win32
		{0DB01A03-EFDC-49AC-BAC4-763CD367C6F1}.Release|Win32.Build.0 = Release|Win32
		{0DB01A03-EFDC-49AC-BAC4-763CD367C6F1}.Release|x64.ActiveCfg = Release|Win32
		{0DB01A03-EFDC-49AC-BAC4-763CD367C6F1}.Release|x86.ActiveCfg = Release|Win32
		{0DB01A03-EFDC-49AC-BAC4-763CD367C6F1}.Release|x86.Build.0 = Release|Win32
		{D90F1EE5-E3BA-49CB-9921-29A4FA527CF9}.Debug|Any CPU.ActiveCfg = Debug|Any CPU
		{D90F1EE5-E3BA-49CB-9921-29A4FA527CF9}.Debug|Any CPU.Build.0 = Debug|Any CPU
		{D90F1EE5-E3BA-49CB-9921-29A4FA527CF9}.Debug|Any CPU.Deploy.0 = Debug|Any CPU
		{D90F1EE5-E3BA-49CB-9921-29A4FA527CF9}.Debug|ARM.ActiveCfg = Debug|ARM
		{D90F1EE5-E3BA-49CB-9921-29A4FA527CF9}.Debug|ARM.Build.0 = Debug|ARM
		{D90F1EE5-E3BA-49CB-9921-29A4FA527CF9}.Debug|ARM.Deploy.0 = Debug|ARM
		{D90F1EE5-E3BA-49CB-9921-29A4FA527CF9}.Debug|Mixed Platforms.ActiveCfg = Debug|x86
		{D90F1EE5-E3BA-49CB-9921-29A4FA527CF9}.Debug|Mixed Platforms.Build.0 = Debug|x86
		{D90F1EE5-E3BA-49CB-9921-29A4FA527CF9}.Debug|Mixed Platforms.Deploy.0 = Debug|x86
		{D90F1EE5-E3BA-49CB-9921-29A4FA527CF9}.Debug|Win32.ActiveCfg = Debug|x86
		{D90F1EE5-E3BA-49CB-9921-29A4FA527CF9}.Debug|Win32.Build.0 = Debug|x86
		{D90F1EE5-E3BA-49CB-9921-29A4FA527CF9}.Debug|Win32.Deploy.0 = Debug|x86
		{D90F1EE5-E3BA-49CB-9921-29A4FA527CF9}.Debug|x64.ActiveCfg = Debug|x64
		{D90F1EE5-E3BA-49CB-9921-29A4FA527CF9}.Debug|x64.Build.0 = Debug|x64
		{D90F1EE5-E3BA-49CB-9921-29A4FA527CF9}.Debug|x64.Deploy.0 = Debug|x64
		{D90F1EE5-E3BA-49CB-9921-29A4FA527CF9}.Debug|x86.ActiveCfg = Debug|x86
		{D90F1EE5-E3BA-49CB-9921-29A4FA527CF9}.Debug|x86.Build.0 = Debug|x86
		{D90F1EE5-E3BA-49CB-9921-29A4FA527CF9}.Debug|x86.Deploy.0 = Debug|x86
		{D90F1EE5-E3BA-49CB-9921-29A4FA527CF9}.Release|Any CPU.ActiveCfg = Release|Any CPU
		{D90F1EE5-E3BA-49CB-9921-29A4FA527CF9}.Release|Any CPU.Build.0 = Release|Any CPU
		{D90F1EE5-E3BA-49CB-9921-29A4FA527CF9}.Release|Any CPU.Deploy.0 = Release|Any CPU
		{D90F1EE5-E3BA-49CB-9921-29A4FA527CF9}.Release|ARM.ActiveCfg = Release|ARM
		{D90F1EE5-E3BA-49CB-9921-29A4FA527CF9}.Release|ARM.Build.0 = Release|ARM
		{D90F1EE5-E3BA-49CB-9921-29A4FA527CF9}.Release|ARM.Deploy.0 = Release|ARM
		{D90F1EE5-E3BA-49CB-9921-29A4FA527CF9}.Release|Mixed Platforms.ActiveCfg = Release|x86
		{D90F1EE5-E3BA-49CB-9921-29A4FA527CF9}.Release|Mixed Platforms.Build.0 = Release|x86
		{D90F1EE5-E3BA-49CB-9921-29A4FA527CF9}.Release|Mixed Platforms.Deploy.0 = Release|x86
		{D90F1EE5-E3BA-49CB-9921-29A4FA527CF9}.Release|Win32.ActiveCfg = Release|x86
		{D90F1EE5-E3BA-49CB-9921-29A4FA527CF9}.Release|Win32.Build.0 = Release|x86
		{D90F1EE5-E3BA-49CB-9921-29A4FA527CF9}.Release|Win32.Deploy.0 = Release|x86
		{D90F1EE5-E3BA-49CB-9921-29A4FA527CF9}.Release|x64.ActiveCfg = Release|x64
		{D90F1EE5-E3BA-49CB-9921-29A4FA527CF9}.Release|x64.Build.0 = Release|x64
		{D90F1EE5-E3BA-49CB-9921-29A4FA527CF9}.Release|x64.Deploy.0 = Release|x64
		{D90F1EE5-E3BA-49CB-9921-29A4FA527CF9}.Release|x86.ActiveCfg = Release|x86
		{D90F1EE5-E3BA-49CB-9921-29A4FA527CF9}.Release|x86.Build.0 = Release|x86
		{D90F1EE5-E3BA-49CB-9921-29A4FA527CF9}.Release|x86.Deploy.0 = Release|x86
		{0E89B49B-DF4D-4ED2-90B9-9CFFF992012B}.Debug|Any CPU.ActiveCfg = Debug|Any CPU
		{0E89B49B-DF4D-4ED2-90B9-9CFFF992012B}.Debug|Any CPU.Build.0 = Debug|Any CPU
		{0E89B49B-DF4D-4ED2-90B9-9CFFF992012B}.Debug|Any CPU.Deploy.0 = Debug|Any CPU
		{0E89B49B-DF4D-4ED2-90B9-9CFFF992012B}.Debug|ARM.ActiveCfg = Debug|ARM
		{0E89B49B-DF4D-4ED2-90B9-9CFFF992012B}.Debug|ARM.Build.0 = Debug|ARM
		{0E89B49B-DF4D-4ED2-90B9-9CFFF992012B}.Debug|ARM.Deploy.0 = Debug|ARM
		{0E89B49B-DF4D-4ED2-90B9-9CFFF992012B}.Debug|Mixed Platforms.ActiveCfg = Debug|x86
		{0E89B49B-DF4D-4ED2-90B9-9CFFF992012B}.Debug|Mixed Platforms.Build.0 = Debug|x86
		{0E89B49B-DF4D-4ED2-90B9-9CFFF992012B}.Debug|Mixed Platforms.Deploy.0 = Debug|x86
		{0E89B49B-DF4D-4ED2-90B9-9CFFF992012B}.Debug|Win32.ActiveCfg = Debug|x86
		{0E89B49B-DF4D-4ED2-90B9-9CFFF992012B}.Debug|Win32.Build.0 = Debug|x86
		{0E89B49B-DF4D-4ED2-90B9-9CFFF992012B}.Debug|Win32.Deploy.0 = Debug|x86
		{0E89B49B-DF4D-4ED2-90B9-9CFFF992012B}.Debug|x64.ActiveCfg = Debug|Any CPU
		{0E89B49B-DF4D-4ED2-90B9-9CFFF992012B}.Debug|x86.ActiveCfg = Debug|x86
		{0E89B49B-DF4D-4ED2-90B9-9CFFF992012B}.Debug|x86.Build.0 = Debug|x86
		{0E89B49B-DF4D-4ED2-90B9-9CFFF992012B}.Debug|x86.Deploy.0 = Debug|x86
		{0E89B49B-DF4D-4ED2-90B9-9CFFF992012B}.Release|Any CPU.ActiveCfg = Release|Any CPU
		{0E89B49B-DF4D-4ED2-90B9-9CFFF992012B}.Release|Any CPU.Build.0 = Release|Any CPU
		{0E89B49B-DF4D-4ED2-90B9-9CFFF992012B}.Release|Any CPU.Deploy.0 = Release|Any CPU
		{0E89B49B-DF4D-4ED2-90B9-9CFFF992012B}.Release|ARM.ActiveCfg = Release|ARM
		{0E89B49B-DF4D-4ED2-90B9-9CFFF992012B}.Release|ARM.Build.0 = Release|ARM
		{0E89B49B-DF4D-4ED2-90B9-9CFFF992012B}.Release|ARM.Deploy.0 = Release|ARM
		{0E89B49B-DF4D-4ED2-90B9-9CFFF992012B}.Release|Mixed Platforms.ActiveCfg = Release|x86
		{0E89B49B-DF4D-4ED2-90B9-9CFFF992012B}.Release|Mixed Platforms.Build.0 = Release|x86
		{0E89B49B-DF4D-4ED2-90B9-9CFFF992012B}.Release|Mixed Platforms.Deploy.0 = Release|x86
		{0E89B49B-DF4D-4ED2-90B9-9CFFF992012B}.Release|Win32.ActiveCfg = Release|x86
		{0E89B49B-DF4D-4ED2-90B9-9CFFF992012B}.Release|Win32.Build.0 = Release|x86
		{0E89B49B-DF4D-4ED2-90B9-9CFFF992012B}.Release|Win32.Deploy.0 = Release|x86
		{0E89B49B-DF4D-4ED2-90B9-9CFFF992012B}.Release|x64.ActiveCfg = Release|Any CPU
		{0E89B49B-DF4D-4ED2-90B9-9CFFF992012B}.Release|x86.ActiveCfg = Release|x86
		{0E89B49B-DF4D-4ED2-90B9-9CFFF992012B}.Release|x86.Build.0 = Release|x86
		{0E89B49B-DF4D-4ED2-90B9-9CFFF992012B}.Release|x86.Deploy.0 = Release|x86
	EndGlobalSection
	GlobalSection(SolutionProperties) = preSolution
		HideSolutionNode = FALSE
	EndGlobalSection
	GlobalSection(NestedProjects) = preSolution
		{3871ABF2-F5FE-4ED9-AFE0-9458FDC56EFF} = {C4EBAACB-F274-45C6-A550-7721D3C314AA}
		{A0E181F7-0A30-4E12-A9F9-684DE966C4FF} = {C4EBAACB-F274-45C6-A550-7721D3C314AA}
		{0DB01A03-EFDC-49AC-BAC4-763CD367C6F1} = {C4EBAACB-F274-45C6-A550-7721D3C314AA}
		{CD9E79EE-7ADC-4D18-B33A-B4C6D21934B6} = {3C1DBE45-E86F-40D1-8C3B-F977F5CBDC5A}
		{D90F1EE5-E3BA-49CB-9921-29A4FA527CF9} = {3C1DBE45-E86F-40D1-8C3B-F977F5CBDC5A}
		{0E89B49B-DF4D-4ED2-90B9-9CFFF992012B} = {3C1DBE45-E86F-40D1-8C3B-F977F5CBDC5A}
	EndGlobalSection
EndGlobal
